
Microsoft Visual Studio Solution File, Format Version 12.00
# Visual Studio Version 17
VisualStudioVersion = 17.7.34018.315
MinimumVisualStudioVersion = 10.0.40219.1
Project("{2150E333-8FDC-42A3-9474-1A3956D46DE8}") = "Services", "Services", "{A0C18060-6F88-4E5A-8B2C-E2B40641029B}"
EndProject
Project("{2150E333-8FDC-42A3-9474-1A3956D46DE8}") = "Catalog", "Catalog", "{968135CF-6033-47ED-9627-3124A24DBB6E}"
EndProject
Project("{FAE04EC0-301F-11D3-BF4B-00C04F79EFBC}") = "Catalog.API", "src\Services\Catalog\Catalog.API\Catalog.API.csproj", "{87D8E080-E78D-4553-B9BC-3B1142E9DC6D}"
EndProject
Global
	GlobalSection(SolutionConfigurationPlatforms) = preSolution
		Debug|Any CPU = Debug|Any CPU
		Release|Any CPU = Release|Any CPU
	EndGlobalSection
	GlobalSection(ProjectConfigurationPlatforms) = postSolution
		{87D8E080-E78D-4553-B9BC-3B1142E9DC6D}.Debug|Any CPU.ActiveCfg = Debug|Any CPU
		{87D8E080-E78D-4553-B9BC-3B1142E9DC6D}.Debug|Any CPU.Build.0 = Debug|Any CPU
		{87D8E080-E78D-4553-B9BC-3B1142E9DC6D}.Release|Any CPU.ActiveCfg = Release|Any CPU
		{87D8E080-E78D-4553-B9BC-3B1142E9DC6D}.Release|Any CPU.Build.0 = Release|Any CPU
	EndGlobalSection
	GlobalSection(SolutionProperties) = preSolution
		HideSolutionNode = FALSE
	EndGlobalSection
	GlobalSection(NestedProjects) = preSolution
		{968135CF-6033-47ED-9627-3124A24DBB6E} = {A0C18060-6F88-4E5A-8B2C-E2B40641029B}
		{87D8E080-E78D-4553-B9BC-3B1142E9DC6D} = {968135CF-6033-47ED-9627-3124A24DBB6E}
	EndGlobalSection
	GlobalSection(ExtensibilityGlobals) = postSolution
		SolutionGuid = {4ABFB0D6-6272-42B6-8DCD-A87BEE5457E3}
	EndGlobalSection
EndGlobal
